{
  "name": "contracts",
  "version": "1.0.0",
  "lockfileVersion": 3,
  "requires": true,
  "packages": {
    "": {
      "name": "contracts",
      "version": "1.0.0",
      "license": "ISC",
      "dependencies": {
        "@pythnetwork/entropy-sdk-solidity": "^1.5.0"
      },
      "devDependencies": {
        "dotenv": "^16.4.5"
      }
    },
    "node_modules/@pythnetwork/entropy-sdk-solidity": {
      "version": "1.5.0",
      "resolved": "https://registry.npmjs.org/@pythnetwork/entropy-sdk-solidity/-/entropy-sdk-solidity-1.5.0.tgz",
      "integrity": "sha512-ZZti5BLURe4w0HtCwy2qGJayOtAcWjjfpnUsar6fHZPG2SkC3jfj13m9WBJKLk87T1ZaSpazAdb22pm6MXG8qg==",
      "license": "Apache-2.0"
    },
    "node_modules/dotenv": {
      "version": "16.4.5",
      "resolved": "https://registry.npmjs.org/dotenv/-/dotenv-16.4.5.tgz",
      "integrity": "sha512-ZmdL2rui+eB2YwhsWzjInR8LldtZHGDoQ1ugH85ppHKwpUHL7j7rN0Ti9NCnGiQbhaZ11FpR+7ao1dNsmduNUg==",
      "dev": true,
      "license": "BSD-2-Clause",
      "engines": {
        "node": ">=12"
      },
      "funding": {
        "url": "https://dotenvx.com"
      }
    }
  }
}
